github.com/kimchhung/dpi v1.0.1 h1:7O9PiWpNxR3DKeVktwfpF5yYv9Z2X2x+jqB1ovb1IuU=
github.com/kimchhung/dpi v1.0.1/go.mod h1:63wltOe36sW7ZBm6HfwO9cQ13vqJYvW8JTbCcdQMRu8=
github.com/kimchhung/dpi v1.0.2 h1:HRcxMIGmjrnDWIowyK/PArHiQbF6w61Wi4YgmSSawqM=
github.com/kimchhung/dpi v1.0.2/go.mod h1:IU8wEJmEnI9Pftqmre1ntn4cs17oguOfuOSWo8IMzSU=
github.com/kimchhung/dpi v1.0.3 h1:cIvAiYl2mdCOCUvOjLWYMfH/eiph307c4DaiKah5xjY=
github.com/kimchhung/dpi v1.0.3/go.mod h1:IU8wEJmEnI9Pftqmre1ntn4cs17oguOfuOSWo8IMzSU=
github.com/kimchhung/dpi v1.0.4 h1:PCmEyAJv5pSfAmb9Auwg+txpMGEQobwL/5fICRIdw5M=
github.com/kimchhung/dpi v1.0.4/go.mod h1:IU8wEJmEnI9Pftqmre1ntn4cs17oguOfuOSWo8IMzSU=
github.com/kimchhung/dpi v1.0.6 h1:x6z1lUmOshmH/KpI1uMGT1wc45T151eVAo/mhTrgxbw=
github.com/kimchhung/dpi v1.0.6/go.mod h1:IU8wEJmEnI9Pftqmre1ntn4cs17oguOfuOSWo8IMzSU=
github.com/kimchhung/dpi v1.0.7 h1:n1Eryo3dDH1GQrJ9CtcqX+L5jIMeTp0q3SQziNC6rSc=
github.com/kimchhung/dpi v1.0.7/go.mod h1:IU8wEJmEnI9Pftqmre1ntn4cs17oguOfuOSWo8IMzSU=
github.com/kimchhung/dpi v1.0.8 h1:iZ5cs3U4ZQXBq8to2EfIg9IJtCpRDx1K13Swaja9Vjo=
github.com/kimchhung/dpi v1.0.8/go.mod h1:IU8wEJmEnI9Pftqmre1ntn4cs17oguOfuOSWo8IMzSU=
github.com/kimchhung/dpi v1.0.9 h1:PcyTVPCs0D/E9rnAsbtq5zzPTdieZOao1eUZZsHK0f4=
github.com/kimchhung/dpi v1.0.9/go.mod h1:IU8wEJmEnI9Pftqmre1ntn4cs17oguOfuOSWo8IMzSU=
